{
  "requires": true,
  "lockfileVersion": 1,
  "dependencies": {
    "aframe-extras": {
      "version": "file:aframe-extras-master",
      "requires": {
        "growl": "^1.10.5",
        "three-pathfinding": "^0.5.5"
      }
    },
    "growl": {
      "version": "file:node_modules/growl"
    },
    "three-pathfinding": {
      "version": "0.5.5",
      "resolved": "https://registry.npmjs.org/three-pathfinding/-/three-pathfinding-0.5.5.tgz",
      "integrity": "sha512-alTrwg2WgQe/x3Vxvj9JceFq/BHehi8e/f1lKEHJ0UY/VbNLeHT68Ne4FIWUq4LujgQ5/9XvpgX1B7SEDuQS5w=="
    }
  }
}
